# THIS IS AN AUTOGENERATED FILE. DO NOT EDIT THIS FILE DIRECTLY.
# yarn lockfile v1


"@apollo/react-common@^3.1.1":
  version "3.1.1"
  resolved "https://registry.yarnpkg.com/@apollo/react-common/-/react-common-3.1.1.tgz#540619d8276d750ce4f381c9cf8f51a6f657f75d"
  integrity sha512-lMiczOm4sD16eI9Ai+AUY+Jl3C/FNm4IpoZiAbe35TqMuD7HpZ4OJmXAbT3CzfrAqsKK8+rHgRvTiPI2kQjIWg==
  dependencies:
    ts-invariant "^0.4.4"
    tslib "^1.10.0"

"@apollo/react-components@^3.1.1":
  version "3.1.1"
  resolved "https://registry.yarnpkg.com/@apollo/react-components/-/react-components-3.1.1.tgz#dde560f0296318d230a5e73b9b450a881baace29"
  integrity sha512-ozoq3XkHZKXrLQUOTZlbbPg9SvZryPQCRhTl+WJZu75ysaAKbwl6iVt+emBymZ5/eNXSUSdxqnOCX281sFLRRw==
  dependencies:
    "@apollo/react-common" "^3.1.1"
    "@apollo/react-hooks" "^3.1.1"
    prop-types "^15.7.2"
    ts-invariant "^0.4.4"
    tslib "^1.10.0"

"@apollo/react-hoc@^3.1.1":
  version "3.1.1"
  resolved "https://registry.yarnpkg.com/@apollo/react-hoc/-/react-hoc-3.1.1.tgz#e02ee62792924a13b8e4e023899fdb74333060f8"
  integrity sha512-j6ITPSFmZnaw+tWzjqh25Ib2jBzOPpyBFsh1u0Ep4oJWFhCHwGLFAns0I6aAWP8a+3R0P7ZarwEVy56ylKG58w==
  dependencies:
    "@apollo/react-common" "^3.1.1"
    "@apollo/react-components" "^3.1.1"
    hoist-non-react-statics "^3.3.0"
    ts-invariant "^0.4.4"
    tslib "^1.10.0"

"@apollo/react-hooks@^3.1.1":
  version "3.1.1"
  resolved "https://registry.yarnpkg.com/@apollo/react-hooks/-/react-hooks-3.1.1.tgz#8e5a0f281a9778aaf17496ad38a178d23375077c"
  integrity sha512-LwE4olNlKwqh1hl6iHr/igSDGRVs7c6Ik5MYZm9TzGj01f+ebhM1+Pn+UBNLsb3uRuytZsUOsEDBEXMABzC9Tw==
  dependencies:
    "@apollo/react-common" "^3.1.1"
    "@wry/equality" "^0.1.9"
    ts-invariant "^0.4.4"
    tslib "^1.10.0"

"@apollo/react-ssr@^3.1.1":
  version "3.1.1"
  resolved "https://registry.yarnpkg.com/@apollo/react-ssr/-/react-ssr-3.1.1.tgz#4952c02c4131334edaaa4af1c2668801ac656471"
  integrity sha512-Jbh3bpkqmp5k5KGZNcKgpGiChlUB3kVkFxzuqC4Tzx5u1gg47dPuS950j3LeMLD6ZRFhwryMnMtBsLu8iceE/Q==
  dependencies:
    "@apollo/react-common" "^3.1.1"
    "@apollo/react-hooks" "^3.1.1"
    tslib "^1.10.0"

"@babel/runtime@^7.1.2", "@babel/runtime@^7.4.0":
  version "7.5.5"
  resolved "https://registry.yarnpkg.com/@babel/runtime/-/runtime-7.5.5.tgz#74fba56d35efbeca444091c7850ccd494fd2f132"
  integrity sha512-28QvEGyQyNkB0/m2B4FU7IEZGK2NUrcMtT6BZEFALTguLk+AUT6ofsHtPk5QyjAdUkpMJ+/Em+quwz4HOt30AQ==
  dependencies:
    regenerator-runtime "^0.13.2"

"@types/graphql@^14.2.0":
  version "14.5.0"
  resolved "https://registry.yarnpkg.com/@types/graphql/-/graphql-14.5.0.tgz#a545fb3bc8013a3547cf2f07f5e13a33642b75d6"
  integrity sha512-MOkzsEp1Jk5bXuAsHsUi6BVv0zCO+7/2PTiZMXWDSsMXvNU6w/PLMQT2vHn8hy2i0JqojPz1Sz6rsFjHtsU0lA==
  dependencies:
    graphql "*"

"@types/jest-diff@*":
  version "20.0.1"
  resolved "https://registry.yarnpkg.com/@types/jest-diff/-/jest-diff-20.0.1.tgz#35cc15b9c4f30a18ef21852e255fdb02f6d59b89"
  integrity sha512-yALhelO3i0hqZwhjtcr6dYyaLoCHbAMshwtj6cGxTvHZAKXHsYGdff6E8EPw3xLKY0ELUTQ69Q1rQiJENnccMA==

"@types/jest@^24.0.11":
  version "24.0.18"
  resolved "https://registry.yarnpkg.com/@types/jest/-/jest-24.0.18.tgz#9c7858d450c59e2164a8a9df0905fc5091944498"
  integrity sha512-jcDDXdjTcrQzdN06+TSVsPPqxvsZA/5QkYfIZlq1JMw7FdP5AZylbOc+6B/cuDurctRe+MziUMtQ3xQdrbjqyQ==
  dependencies:
    "@types/jest-diff" "*"

"@types/node@^11.13.0":
  version "11.13.20"
  resolved "https://registry.yarnpkg.com/@types/node/-/node-11.13.20.tgz#da42fe93d6599f80b35ffeb5006f4c31f40d89ea"
  integrity sha512-JE0UpLWZTV1sGcaj0hN+Q0760OEjpgyFJ06DOMVW6qKBducKdJQaIw0TGL6ccj7VXRduIOHLWQi+tHwulZJHVQ==

"@types/prop-types@*":
  version "15.7.2"
  resolved "https://registry.yarnpkg.com/@types/prop-types/-/prop-types-15.7.2.tgz#0e58ae66773d7fd7c372a493aff740878ec9ceaa"
  integrity sha512-f8JzJNWVhKtc9dg/dyDNfliTKNOJSLa7Oht/ElZdF/UbMUmAH3rLmAk3ODNjw0mZajDEgatA03tRjB4+Dp/tzA==

"@types/react@^16.8.10":
  version "16.9.2"
  resolved "https://registry.yarnpkg.com/@types/react/-/react-16.9.2.tgz#6d1765431a1ad1877979013906731aae373de268"
  integrity sha512-jYP2LWwlh+FTqGd9v7ynUKZzjj98T8x7Yclz479QdRhHfuW9yQ+0jjnD31eXSXutmBpppj5PYNLYLRfnZJvcfg==
  dependencies:
    "@types/prop-types" "*"
    csstype "^2.2.0"

"@types/zen-observable@^0.8.0":
  version "0.8.0"
  resolved "https://registry.yarnpkg.com/@types/zen-observable/-/zen-observable-0.8.0.tgz#8b63ab7f1aa5321248aad5ac890a485656dcea4d"
  integrity sha512-te5lMAWii1uEJ4FwLjzdlbw3+n0FZNOvFXHxQDKeT0dilh7HOzdMzV2TrJVUzq8ep7J4Na8OUYPRLSQkJHAlrg==

"@wry/equality@^0.1.2", "@wry/equality@^0.1.9":
  version "0.1.9"
  resolved "https://registry.yarnpkg.com/@wry/equality/-/equality-0.1.9.tgz#b13e18b7a8053c6858aa6c85b54911fb31e3a909"
  integrity sha512-mB6ceGjpMGz1ZTza8HYnrPGos2mC6So4NhS1PtZ8s4Qt0K7fBiIGhpSxUbQmhwcSWE3no+bYxmI2OL6KuXYmoQ==
  dependencies:
    tslib "^1.9.3"

apollo-cache@1.3.2:
  version "1.3.2"
  resolved "https://registry.yarnpkg.com/apollo-cache/-/apollo-cache-1.3.2.tgz#df4dce56240d6c95c613510d7e409f7214e6d26a"
  integrity sha512-+KA685AV5ETEJfjZuviRTEImGA11uNBp/MJGnaCvkgr+BYRrGLruVKBv6WvyFod27WEB2sp7SsG8cNBKANhGLg==
  dependencies:
    apollo-utilities "^1.3.2"
    tslib "^1.9.3"

apollo-client@^2.5.1:
  version "2.6.4"
  resolved "https://registry.yarnpkg.com/apollo-client/-/apollo-client-2.6.4.tgz#872c32927263a0d34655c5ef8a8949fbb20b6140"
  integrity sha512-oWOwEOxQ9neHHVZrQhHDbI6bIibp9SHgxaLRVPoGvOFy7OH5XUykZE7hBQAVxq99tQjBzgytaZffQkeWo1B4VQ==
  dependencies:
    "@types/zen-observable" "^0.8.0"
    apollo-cache "1.3.2"
    apollo-link "^1.0.0"
    apollo-utilities "1.3.2"
    symbol-observable "^1.0.2"
    ts-invariant "^0.4.0"
    tslib "^1.9.3"
    zen-observable "^0.8.0"

apollo-link@^1.0.0:
  version "1.2.13"
  resolved "https://registry.yarnpkg.com/apollo-link/-/apollo-link-1.2.13.tgz#dff00fbf19dfcd90fddbc14b6a3f9a771acac6c4"
  integrity sha512-+iBMcYeevMm1JpYgwDEIDt/y0BB7VWyvlm/7x+TIPNLHCTCMgcEgDuW5kH86iQZWo0I7mNwQiTOz+/3ShPFmBw==
  dependencies:
    apollo-utilities "^1.3.0"
    ts-invariant "^0.4.0"
    tslib "^1.9.3"
    zen-observable-ts "^0.8.20"

apollo-utilities@1.3.2, apollo-utilities@^1.3.0, apollo-utilities@^1.3.2:
  version "1.3.2"
  resolved "https://registry.yarnpkg.com/apollo-utilities/-/apollo-utilities-1.3.2.tgz#8cbdcf8b012f664cd6cb5767f6130f5aed9115c9"
  integrity sha512-JWNHj8XChz7S4OZghV6yc9FNnzEXj285QYp/nLNh943iObycI5GTDO3NGR9Dth12LRrSFMeDOConPfPln+WGfg==
  dependencies:
    "@wry/equality" "^0.1.2"
    fast-json-stable-stringify "^2.0.0"
    ts-invariant "^0.4.0"
    tslib "^1.9.3"

asap@~2.0.3:
  version "2.0.6"
  resolved "https://registry.yarnpkg.com/asap/-/asap-2.0.6.tgz#e50347611d7e690943208bbdafebcbc2fb866d46"
  integrity sha1-5QNHYR1+aQlDIIu9r+vLwvuGbUY=

babel-runtime@^6.26.0:
  version "6.26.0"
  resolved "https://registry.yarnpkg.com/babel-runtime/-/babel-runtime-6.26.0.tgz#965c7058668e82b55d7bfe04ff2337bc8b5647fe"
  integrity sha1-llxwWGaOgrVde/4E/yM3vItWR/4=
  dependencies:
    core-js "^2.4.0"
    regenerator-runtime "^0.11.0"

change-emitter@^0.1.2:
  version "0.1.6"
  resolved "https://registry.yarnpkg.com/change-emitter/-/change-emitter-0.1.6.tgz#e8b2fe3d7f1ab7d69a32199aff91ea6931409515"
  integrity sha1-6LL+PX8at9aaMhma/5HqaTFAlRU=

core-js@^1.0.0:
  version "1.2.7"
  resolved "https://registry.yarnpkg.com/core-js/-/core-js-1.2.7.tgz#652294c14651db28fa93bd2d5ff2983a4f08c636"
  integrity sha1-ZSKUwUZR2yj6k70tX/KYOk8IxjY=

core-js@^2.4.0:
  version "2.6.9"
  resolved "https://registry.yarnpkg.com/core-js/-/core-js-2.6.9.tgz#6b4b214620c834152e179323727fc19741b084f2"
  integrity sha512-HOpZf6eXmnl7la+cUdMnLvUxKNqLUzJvgIziQ0DiF3JwSImNphIqdGqzj6hIKyX04MmV0poclQ7+wjWvxQyR2A==

csstype@^2.2.0:
  version "2.6.6"
  resolved "https://registry.yarnpkg.com/csstype/-/csstype-2.6.6.tgz#c34f8226a94bbb10c32cc0d714afdf942291fc41"
  integrity sha512-RpFbQGUE74iyPgvr46U9t1xoQBM8T4BL8SxrN66Le2xYAPSaDJJKeztV3awugusb3g3G9iL8StmkBBXhcbbXhg==

encoding@^0.1.11:
  version "0.1.12"
  resolved "https://registry.yarnpkg.com/encoding/-/encoding-0.1.12.tgz#538b66f3ee62cd1ab51ec323829d1f9480c74beb"
  integrity sha1-U4tm8+5izRq1HsMjgp0flIDHS+s=
  dependencies:
    iconv-lite "~0.4.13"

fast-json-stable-stringify@^2.0.0:
  version "2.0.0"
  resolved "https://registry.yarnpkg.com/fast-json-stable-stringify/-/fast-json-stable-stringify-2.0.0.tgz#d5142c0caee6b1189f87d3a76111064f86c8bbf2"
  integrity sha1-1RQsDK7msRifh9OnYREGT4bIu/I=

fbjs@^0.8.1:
  version "0.8.17"
  resolved "https://registry.yarnpkg.com/fbjs/-/fbjs-0.8.17.tgz#c4d598ead6949112653d6588b01a5cdcd9f90fdd"
  integrity sha1-xNWY6taUkRJlPWWIsBpc3Nn5D90=
  dependencies:
    core-js "^1.0.0"
    isomorphic-fetch "^2.1.1"
    loose-envify "^1.0.0"
    object-assign "^4.1.0"
    promise "^7.1.1"
    setimmediate "^1.0.5"
    ua-parser-js "^0.7.18"

graphql@*:
  version "14.5.6"
  resolved "https://registry.yarnpkg.com/graphql/-/graphql-14.5.6.tgz#3fa12173b50e6ccdef953c31c82f37c50ef58bec"
  integrity sha512-zJ6Oz8P1yptV4O4DYXdArSwvmirPetDOBnGFRBl0zQEC68vNW3Ny8qo8VzMgfr+iC8PKiRYJ+f2wub41oDCoQg==
  dependencies:
    iterall "^1.2.2"

gud@^1.0.0:
  version "1.0.0"
  resolved "https://registry.yarnpkg.com/gud/-/gud-1.0.0.tgz#a489581b17e6a70beca9abe3ae57de7a499852c0"
  integrity sha512-zGEOVKFM5sVPPrYs7J5/hYEw2Pof8KCyOwyhG8sAF26mCAeUFAcYPu1mwB7hhpIP29zOIBaDqwuHdLp0jvZXjw==

history@^4.7.2, history@^4.9.0:
  version "4.9.0"
  resolved "https://registry.yarnpkg.com/history/-/history-4.9.0.tgz#84587c2068039ead8af769e9d6a6860a14fa1bca"
  integrity sha512-H2DkjCjXf0Op9OAr6nJ56fcRkTSNrUiv41vNJ6IswJjif6wlpZK0BTfFbi7qK9dXLSYZxkq5lBsj3vUjlYBYZA==
  dependencies:
    "@babel/runtime" "^7.1.2"
    loose-envify "^1.2.0"
    resolve-pathname "^2.2.0"
    tiny-invariant "^1.0.2"
    tiny-warning "^1.0.0"
    value-equal "^0.4.0"

hoist-non-react-statics@^2.3.1, hoist-non-react-statics@^2.5.0:
  version "2.5.5"
  resolved "https://registry.yarnpkg.com/hoist-non-react-statics/-/hoist-non-react-statics-2.5.5.tgz#c5903cf409c0dfd908f388e619d86b9c1174cb47"
  integrity sha512-rqcy4pJo55FTTLWt+bU8ukscqHeE/e9KWvsOW2b/a3afxQZhwkQdT1rPPCJ0rYXdj4vNcasY8zHTH+jF/qStxw==

hoist-non-react-statics@^3.1.0, hoist-non-react-statics@^3.3.0:
  version "3.3.0"
  resolved "https://registry.yarnpkg.com/hoist-non-react-statics/-/hoist-non-react-statics-3.3.0.tgz#b09178f0122184fb95acf525daaecb4d8f45958b"
  integrity sha512-0XsbTXxgiaCDYDIWFcwkmerZPSwywfUqYmwT4jzewKTQSWoE6FCMoUVOeBJWK3E/CrWbxRG3m5GzY4lnIwGRBA==
  dependencies:
    react-is "^16.7.0"

iconv-lite@~0.4.13:
  version "0.4.24"
  resolved "https://registry.yarnpkg.com/iconv-lite/-/iconv-lite-0.4.24.tgz#2022b4b25fbddc21d2f524974a474aafe733908b"
  integrity sha512-v3MXnZAcvnywkTUEZomIActle7RXXeedOR31wwl7VlyoXO4Qi9arvSenNQWne1TcRwhCL1HwLI21bEqdpj8/rA==
  dependencies:
    safer-buffer ">= 2.1.2 < 3"

invariant@^2.2.4:
  version "2.2.4"
  resolved "https://registry.yarnpkg.com/invariant/-/invariant-2.2.4.tgz#610f3c92c9359ce1db616e538008d23ff35158e6"
  integrity sha512-phJfQVBuaJM5raOpJjSfkiD6BpbCE4Ns//LaXl6wGYtUBY83nWS6Rf9tXm2e8VaK60JEjYldbPif/A2B1C2gNA==
  dependencies:
    loose-envify "^1.0.0"

is-stream@^1.0.1:
  version "1.1.0"
  resolved "https://registry.yarnpkg.com/is-stream/-/is-stream-1.1.0.tgz#12d4a3dd4e68e0b79ceb8dbc84173ae80d91ca44"
  integrity sha1-EtSj3U5o4Lec6428hBc66A2RykQ=

isarray@0.0.1:
  version "0.0.1"
  resolved "https://registry.yarnpkg.com/isarray/-/isarray-0.0.1.tgz#8a18acfca9a8f4177e09abfc6038939b05d1eedf"
  integrity sha1-ihis/Kmo9Bd+Cav8YDiTmwXR7t8=

isomorphic-fetch@^2.1.1:
  version "2.2.1"
  resolved "https://registry.yarnpkg.com/isomorphic-fetch/-/isomorphic-fetch-2.2.1.tgz#611ae1acf14f5e81f729507472819fe9733558a9"
  integrity sha1-YRrhrPFPXoH3KVB0coGf6XM1WKk=
  dependencies:
    node-fetch "^1.0.1"
    whatwg-fetch ">=0.10.0"

iterall@^1.2.2:
  version "1.2.2"
  resolved "https://registry.yarnpkg.com/iterall/-/iterall-1.2.2.tgz#92d70deb8028e0c39ff3164fdbf4d8b088130cd7"
  integrity sha512-yynBb1g+RFUPY64fTrFv7nsjRrENBQJaX2UL+2Szc9REFrSNm1rpSXHGzhmAy7a9uv3vlvgBlXnf9RqmPH1/DA==

"js-tokens@^3.0.0 || ^4.0.0":
  version "4.0.0"
  resolved "https://registry.yarnpkg.com/js-tokens/-/js-tokens-4.0.0.tgz#19203fb59991df98e3a287050d4647cdeaf32499"
  integrity sha512-RdJUflcE3cUzKiMqQgsCu06FPu9UdIJO0beYbPhHN4k6apgJtifcoCtT9bcxOpYBtpD2kCM6Sbzg4CausW/PKQ==

loose-envify@^1.0.0, loose-envify@^1.2.0, loose-envify@^1.3.1, loose-envify@^1.4.0:
  version "1.4.0"
  resolved "https://registry.yarnpkg.com/loose-envify/-/loose-envify-1.4.0.tgz#71ee51fa7be4caec1a63839f7e682d8132d30caf"
  integrity sha512-lyuxPGr/Wfhrlem2CL/UcnUc1zcqKAImBDzukY7Y5F/yQiNdko6+fRLevlw1HgMySw7f611UIY408EtxRSoK3Q==
  dependencies:
    js-tokens "^3.0.0 || ^4.0.0"

mini-create-react-context@^0.3.0:
  version "0.3.2"
  resolved "https://registry.yarnpkg.com/mini-create-react-context/-/mini-create-react-context-0.3.2.tgz#79fc598f283dd623da8e088b05db8cddab250189"
  integrity sha512-2v+OeetEyliMt5VHMXsBhABoJ0/M4RCe7fatd/fBy6SMiKazUSEt3gxxypfnk2SHMkdBYvorHRoQxuGoiwbzAw==
  dependencies:
    "@babel/runtime" "^7.4.0"
    gud "^1.0.0"
    tiny-warning "^1.0.2"

node-fetch@^1.0.1:
  version "1.7.3"
  resolved "https://registry.yarnpkg.com/node-fetch/-/node-fetch-1.7.3.tgz#980f6f72d85211a5347c6b2bc18c5b84c3eb47ef"
  integrity sha512-NhZ4CsKx7cYm2vSrBAr2PvFOe6sWDf0UYLRqA6svUYg7+/TSfVAu49jYC4BvQ4Sms9SZgdqGBgroqfDhJdTyKQ==
  dependencies:
    encoding "^0.1.11"
    is-stream "^1.0.1"

object-assign@^4.1.0, object-assign@^4.1.1:
  version "4.1.1"
  resolved "https://registry.yarnpkg.com/object-assign/-/object-assign-4.1.1.tgz#2109adc7965887cfc05cbbd442cac8bfbb360863"
  integrity sha1-IQmtx5ZYh8/AXLvUQsrIv7s2CGM=

path-to-regexp@^1.7.0:
  version "1.7.0"
  resolved "https://registry.yarnpkg.com/path-to-regexp/-/path-to-regexp-1.7.0.tgz#59fde0f435badacba103a84e9d3bc64e96b9937d"
  integrity sha1-Wf3g9DW62suhA6hOnTvGTpa5k30=
  dependencies:
    isarray "0.0.1"

promise@^7.1.1:
  version "7.3.1"
  resolved "https://registry.yarnpkg.com/promise/-/promise-7.3.1.tgz#064b72602b18f90f29192b8b1bc418ffd1ebd3bf"
  integrity sha512-nolQXZ/4L+bP/UGlkfaIujX9BKxGwmQ9OT4mOt5yvy8iK1h3wqTEJCijzGANTCCl9nWjY41juyAn2K3Q1hLLTg==
  dependencies:
    asap "~2.0.3"

prop-types@^15.6.1, prop-types@^15.6.2, prop-types@^15.7.2:
  version "15.7.2"
  resolved "https://registry.yarnpkg.com/prop-types/-/prop-types-15.7.2.tgz#52c41e75b8c87e72b9d9360e0206b99dcbffa6c5"
  integrity sha512-8QQikdH7//R2vurIJSutZ1smHYTcLpRWEOlHnzcWHmBYrOGUysKwSsrC89BCiFj3CbrfJ/nXFdJepOVrY1GCHQ==
  dependencies:
    loose-envify "^1.4.0"
    object-assign "^4.1.1"
    react-is "^16.8.1"

react-apollo@^3.1.0:
  version "3.1.1"
  resolved "https://registry.yarnpkg.com/react-apollo/-/react-apollo-3.1.1.tgz#64194f700967bd89ebed964d7a60d82cbc054a8d"
  integrity sha512-ocqpnCv/wu1a5szkUl5k8qdmMMcUgKQHGpdh3MZYxKWwpXqgs4PDtDHHiIYLVnO5TrQdGxK4jxLWfyawhV0nmA==
  dependencies:
    "@apollo/react-common" "^3.1.1"
    "@apollo/react-components" "^3.1.1"
    "@apollo/react-hoc" "^3.1.1"
    "@apollo/react-hooks" "^3.1.1"
    "@apollo/react-ssr" "^3.1.1"

react-is@^16.6.0, react-is@^16.7.0, react-is@^16.8.1:
  version "16.9.0"
  resolved "https://registry.yarnpkg.com/react-is/-/react-is-16.9.0.tgz#21ca9561399aad0ff1a7701c01683e8ca981edcb"
  integrity sha512-tJBzzzIgnnRfEm046qRcURvwQnZVXmuCbscxUO5RWrGTXpon2d4c8mI0D8WE6ydVIm29JiLB6+RslkIvym9Rjw==

react-lifecycles-compat@^3.0.2:
  version "3.0.4"
  resolved "https://registry.yarnpkg.com/react-lifecycles-compat/-/react-lifecycles-compat-3.0.4.tgz#4f1a273afdfc8f3488a8c516bfda78f872352362"
  integrity sha512-fBASbA6LnOU9dOU2eW7aQ8xmYBSXUIWr+UmF9b1efZBazGNO+rcXT/icdKnYm2pTwcRylVUYwW7H1PHfLekVzA==

react-router-dom@^4.3.1:
  version "4.3.1"
  resolved "https://registry.yarnpkg.com/react-router-dom/-/react-router-dom-4.3.1.tgz#4c2619fc24c4fa87c9fd18f4fb4a43fe63fbd5c6"
  integrity sha512-c/MlywfxDdCp7EnB7YfPMOfMD3tOtIjrQlj/CKfNMBxdmpJP8xcz5P/UAFn3JbnQCNUxsHyVVqllF9LhgVyFCA==
  dependencies:
    history "^4.7.2"
    invariant "^2.2.4"
    loose-envify "^1.3.1"
    prop-types "^15.6.1"
    react-router "^4.3.1"
    warning "^4.0.1"

react-router@^4.3.1:
  version "4.3.1"
  resolved "https://registry.yarnpkg.com/react-router/-/react-router-4.3.1.tgz#aada4aef14c809cb2e686b05cee4742234506c4e"
  integrity sha512-yrvL8AogDh2X42Dt9iknk4wF4V8bWREPirFfS9gLU1huk6qK41sg7Z/1S81jjTrGHxa3B8R3J6xIkDAA6CVarg==
  dependencies:
    history "^4.7.2"
    hoist-non-react-statics "^2.5.0"
    invariant "^2.2.4"
    loose-envify "^1.3.1"
    path-to-regexp "^1.7.0"
    prop-types "^15.6.1"
    warning "^4.0.1"

react-router@^5.0.1:
  version "5.0.1"
  resolved "https://registry.yarnpkg.com/react-router/-/react-router-5.0.1.tgz#04ee77df1d1ab6cb8939f9f01ad5702dbadb8b0f"
  integrity sha512-EM7suCPNKb1NxcTZ2LEOWFtQBQRQXecLxVpdsP4DW4PbbqYWeRiLyV/Tt1SdCrvT2jcyXAXmVTmzvSzrPR63Bg==
  dependencies:
    "@babel/runtime" "^7.1.2"
    history "^4.9.0"
    hoist-non-react-statics "^3.1.0"
    loose-envify "^1.3.1"
    mini-create-react-context "^0.3.0"
    path-to-regexp "^1.7.0"
    prop-types "^15.6.2"
    react-is "^16.6.0"
    tiny-invariant "^1.0.2"
    tiny-warning "^1.0.0"

recompose@^0.27.1:
  version "0.27.1"
  resolved "https://registry.yarnpkg.com/recompose/-/recompose-0.27.1.tgz#1a49e931f183634516633bbb4f4edbfd3f38a7ba"
  integrity sha512-p7xsyi/rfNjHfdP7vPU02uSFa+Q1eHhjKrvO+3+kRP4Ortj+MxEmpmd+UQtBGM2D2iNAjzNI5rCyBKp9Ob5McA==
  dependencies:
    babel-runtime "^6.26.0"
    change-emitter "^0.1.2"
    fbjs "^0.8.1"
    hoist-non-react-statics "^2.3.1"
    react-lifecycles-compat "^3.0.2"
    symbol-observable "^1.0.4"

regenerator-runtime@^0.11.0:
  version "0.11.1"
  resolved "https://registry.yarnpkg.com/regenerator-runtime/-/regenerator-runtime-0.11.1.tgz#be05ad7f9bf7d22e056f9726cee5017fbf19e2e9"
  integrity sha512-MguG95oij0fC3QV3URf4V2SDYGJhJnJGqvIIgdECeODCT98wSWDAJ94SSuVpYQUoTcGUIL6L4yNB7j1DFFHSBg==

regenerator-runtime@^0.13.2:
  version "0.13.3"
  resolved "https://registry.yarnpkg.com/regenerator-runtime/-/regenerator-runtime-0.13.3.tgz#7cf6a77d8f5c6f60eb73c5fc1955b2ceb01e6bf5"
  integrity sha512-naKIZz2GQ8JWh///G7L3X6LaQUAMp2lvb1rvwwsURe/VXwD6VMfr+/1NuNw3ag8v2kY1aQ/go5SNn79O9JU7yw==

resolve-pathname@^2.2.0:
  version "2.2.0"
  resolved "https://registry.yarnpkg.com/resolve-pathname/-/resolve-pathname-2.2.0.tgz#7e9ae21ed815fd63ab189adeee64dc831eefa879"
  integrity sha512-bAFz9ld18RzJfddgrO2e/0S2O81710++chRMUxHjXOYKF6jTAMrUNZrEZ1PvV0zlhfjidm08iRPdTLPno1FuRg==

"safer-buffer@>= 2.1.2 < 3":
  version "2.1.2"
  resolved "https://registry.yarnpkg.com/safer-buffer/-/safer-buffer-2.1.2.tgz#44fa161b0187b9549dd84bb91802f9bd8385cd6a"
  integrity sha512-YZo3K82SD7Riyi0E1EQPojLz7kpepnSQI9IyPbHHg1XXXevb5dJI7tpyN2ADxGcQbHG7vcyRHk0cbwqcQriUtg==

setimmediate@^1.0.5:
  version "1.0.5"
  resolved "https://registry.yarnpkg.com/setimmediate/-/setimmediate-1.0.5.tgz#290cbb232e306942d7d7ea9b83732ab7856f8285"
  integrity sha1-KQy7Iy4waULX1+qbg3Mqt4VvgoU=

symbol-observable@^1.0.2, symbol-observable@^1.0.4:
  version "1.2.0"
  resolved "https://registry.yarnpkg.com/symbol-observable/-/symbol-observable-1.2.0.tgz#c22688aed4eab3cdc2dfeacbb561660560a00804"
  integrity sha512-e900nM8RRtGhlV36KGEU9k65K3mPb1WV70OdjfxlG2EAuM1noi/E/BaW/uMhL7bPEssK8QV57vN3esixjUvcXQ==

tiny-invariant@^1.0.2:
  version "1.0.6"
  resolved "https://registry.yarnpkg.com/tiny-invariant/-/tiny-invariant-1.0.6.tgz#b3f9b38835e36a41c843a3b0907a5a7b3755de73"
  integrity sha512-FOyLWWVjG+aC0UqG76V53yAWdXfH8bO6FNmyZOuUrzDzK8DI3/JRY25UD7+g49JWM1LXwymsKERB+DzI0dTEQA==

tiny-warning@^1.0.0, tiny-warning@^1.0.2:
  version "1.0.3"
  resolved "https://registry.yarnpkg.com/tiny-warning/-/tiny-warning-1.0.3.tgz#94a30db453df4c643d0fd566060d60a875d84754"
  integrity sha512-lBN9zLN/oAf68o3zNXYrdCt1kP8WsiGW8Oo2ka41b2IM5JL/S1CTyX1rW0mb/zSuJun0ZUrDxx4sqvYS2FWzPA==

ts-invariant@^0.4.0, ts-invariant@^0.4.4:
  version "0.4.4"
  resolved "https://registry.yarnpkg.com/ts-invariant/-/ts-invariant-0.4.4.tgz#97a523518688f93aafad01b0e80eb803eb2abd86"
  integrity sha512-uEtWkFM/sdZvRNNDL3Ehu4WVpwaulhwQszV8mrtcdeE8nN00BV9mAmQ88RkrBhFgl9gMgvjJLAQcZbnPXI9mlA==
  dependencies:
    tslib "^1.9.3"

tslib@^1.10.0, tslib@^1.9.3:
  version "1.10.0"
  resolved "https://registry.yarnpkg.com/tslib/-/tslib-1.10.0.tgz#c3c19f95973fb0a62973fb09d90d961ee43e5c8a"
  integrity sha512-qOebF53frne81cf0S9B41ByenJ3/IuH8yJKngAX35CmiZySA0khhkovshKK+jGCaMnVomla7gVlIcc3EvKPbTQ==

ua-parser-js@^0.7.18:
  version "0.7.20"
  resolved "https://registry.yarnpkg.com/ua-parser-js/-/ua-parser-js-0.7.20.tgz#7527178b82f6a62a0f243d1f94fd30e3e3c21098"
  integrity sha512-8OaIKfzL5cpx8eCMAhhvTlft8GYF8b2eQr6JkCyVdrgjcytyOmPCXrqXFcUnhonRpLlh5yxEZVohm6mzaowUOw==

value-equal@^0.4.0:
  version "0.4.0"
  resolved "https://registry.yarnpkg.com/value-equal/-/value-equal-0.4.0.tgz#c5bdd2f54ee093c04839d71ce2e4758a6890abc7"
  integrity sha512-x+cYdNnaA3CxvMaTX0INdTCN8m8aF2uY9BvEqmxuYp8bL09cs/kWVQPVGcA35fMktdOsP69IgU7wFj/61dJHEw==

warning@^4.0.1:
  version "4.0.3"
  resolved "https://registry.yarnpkg.com/warning/-/warning-4.0.3.tgz#16e9e077eb8a86d6af7d64aa1e05fd85b4678ca3"
  integrity sha512-rpJyN222KWIvHJ/F53XSZv0Zl/accqHR8et1kpaMTD/fLCRxtV8iX8czMzY7sVZupTI3zcUTg8eycS2kNF9l6w==
  dependencies:
    loose-envify "^1.0.0"

whatwg-fetch@>=0.10.0:
  version "3.0.0"
  resolved "https://registry.yarnpkg.com/whatwg-fetch/-/whatwg-fetch-3.0.0.tgz#fc804e458cc460009b1a2b966bc8817d2578aefb"
  integrity sha512-9GSJUgz1D4MfyKU7KRqwOjXCXTqWdFNvEr7eUBYchQiVc744mqK/MzXPNR2WsPkmkOa4ywfg8C2n8h+13Bey1Q==

zen-observable-ts@^0.8.20:
  version "0.8.20"
  resolved "https://registry.yarnpkg.com/zen-observable-ts/-/zen-observable-ts-0.8.20.tgz#44091e335d3fcbc97f6497e63e7f57d5b516b163"
  integrity sha512-2rkjiPALhOtRaDX6pWyNqK1fnP5KkJJybYebopNSn6wDG1lxBoFs2+nwwXKoA6glHIrtwrfBBy6da0stkKtTAA==
  dependencies:
    tslib "^1.9.3"
    zen-observable "^0.8.0"

zen-observable@^0.8.0:
  version "0.8.14"
  resolved "https://registry.yarnpkg.com/zen-observable/-/zen-observable-0.8.14.tgz#d33058359d335bc0db1f0af66158b32872af3bf7"
  integrity sha512-kQz39uonEjEESwh+qCi83kcC3rZJGh4mrZW7xjkSQYXkq//JZHTtKo+6yuVloTgMtzsIWOJrjIrKvk/dqm0L5g==
